{
  "version": 4,
  "terraform_version": "1.7.4",
  "serial": 827,
  "lineage": "d5f57a85-3684-d5a8-e5f6-cf913e153267",
  "outputs": {
    "bucket": {
      "value": "palo-alto-bootstrap-20240226194953906000000001",
      "type": "string"
    },
    "bucket_name": {
      "value": "palo-alto-bootstrap-20240226194953906000000001",
      "type": "string"
    },
    "public_ip_firewalls": {
      "value": "3.80.249.139",
      "type": "string"
    }
  },
  "resources": [
    {
      "mode": "data",
      "type": "infisical_secrets",
      "name": "my-secrets",
      "provider": "provider[\"registry.terraform.io/infisical/infisical\"]",
      "instances": [
        {
          "schema_version": 0,
          "attributes": {
            "env_slug": "dev",
            "folder_path": "/",
            "secrets": {
              "AWS_ACCESS_KEY": {
                "comment": "",
                "secret_type": "shared",
                "value": "AKIAURXAHTN4T4PDPZMB"
              },
              "AWS_SECRET_KEY": {
                "comment": "",
                "secret_type": "shared",
                "value": "Ma0h4h3jb31WJZJbYn5JzfjK+A5Xa8vP9H7li3PY"
              },
              "HOSTNAME": {
                "comment": "",
                "secret_type": "shared",
                "value": "https://infisical.darkwheel.xyz"
              },
              "PALO_FW_PUB_KEY": {
                "comment": "",
                "secret_type": "shared",
                "value": "ssh-rsa AAAAB3NzaC1yc2EAAAADAQABAAABAQD7IHM5P/0830ks0ooj8hU4T+FHnxOsTO8EHoLZ5JWk8ttUKA5y6CeVllct47b3SqIt48i0tHIqUrwDfDFhbE5H/Nph8YMYXZ30q1lV6bu51OUuRfZ86HgU1lvho0bBb/LOpbLJXb2+3cpEquG7pj71cLg6030GQ6TLDPC4W95Qh/JNE5cHlBa6kcGPtBOQzuBEJLHJawo86utY9Wo5vFc8RKZzbSlmPHaAXg9dL4axArOLzfiMZbbXqXmqZyrxY/FHy6DWkTKw+sBrJkaV8kMwwz/YqHb9CX71ym1vgbgVZf9xhXir7TlU+gRIv5kTIjavMLSP5+2PuV73/wmuorCF jamal@Phantom"
              },
              "SERVICE_TOKEN": {
                "comment": "",
                "secret_type": "shared",
                "value": "st.046ab266-e8a0-4c6b-8e4c-7ed8fa0e72c5.a5aedc2fa40115df13ba2d72154c0e83.60a7e16400625fc10735fe76b6bf4b01"
              }
            },
            "workspace_id": null
          },
          "sensitive_attributes": []
        }
      ]
    },
    {
      "mode": "managed",
      "type": "aws_internet_gateway",
      "name": "main",
      "provider": "provider[\"registry.terraform.io/hashicorp/aws\"]",
      "instances": [
        {
          "schema_version": 0,
          "attributes": {
            "arn": "arn:aws:ec2:us-east-1:312929131385:internet-gateway/igw-080f4f3590322d432",
            "id": "igw-080f4f3590322d432",
            "owner_id": "312929131385",
            "tags": null,
            "tags_all": {},
            "vpc_id": "vpc-0a3fef7bb8f219598"
          },
          "sensitive_attributes": [],
          "private": "bnVsbA==",
          "dependencies": [
            "aws_vpc.main",
            "data.infisical_secrets.my-secrets"
          ]
        }
      ]
    },
    {
      "mode": "managed",
      "type": "aws_key_pair",
      "name": "deployer",
      "provider": "provider[\"registry.terraform.io/hashicorp/aws\"]",
      "instances": [
        {
          "schema_version": 1,
          "attributes": {
            "arn": "arn:aws:ec2:us-east-1:312929131385:key-pair/deployer-key",
            "fingerprint": "29:11:0b:9e:1b:27:0f:25:9b:35:9d:42:2e:19:4c:f5",
            "id": "deployer-key",
            "key_name": "deployer-key",
            "key_name_prefix": "",
            "key_pair_id": "key-088bfbf815a8e7924",
            "public_key": "ssh-rsa AAAAB3NzaC1yc2EAAAADAQABAAABAQD7IHM5P/0830ks0ooj8hU4T+FHnxOsTO8EHoLZ5JWk8ttUKA5y6CeVllct47b3SqIt48i0tHIqUrwDfDFhbE5H/Nph8YMYXZ30q1lV6bu51OUuRfZ86HgU1lvho0bBb/LOpbLJXb2+3cpEquG7pj71cLg6030GQ6TLDPC4W95Qh/JNE5cHlBa6kcGPtBOQzuBEJLHJawo86utY9Wo5vFc8RKZzbSlmPHaAXg9dL4axArOLzfiMZbbXqXmqZyrxY/FHy6DWkTKw+sBrJkaV8kMwwz/YqHb9CX71ym1vgbgVZf9xhXir7TlU+gRIv5kTIjavMLSP5+2PuV73/wmuorCF jamal@Phantom",
            "tags": null,
            "tags_all": {}
          },
          "sensitive_attributes": [],
          "private": "eyJzY2hlbWFfdmVyc2lvbiI6IjEifQ==",
          "dependencies": [
            "data.infisical_secrets.my-secrets"
          ]
        }
      ]
    },
    {
      "mode": "managed",
      "type": "aws_route",
      "name": "internet_gateway_route",
      "provider": "provider[\"registry.terraform.io/hashicorp/aws\"]",
      "instances": [
        {
          "schema_version": 0,
          "attributes": {
            "carrier_gateway_id": "",
            "destination_cidr_block": "0.0.0.0/0",
            "destination_ipv6_cidr_block": "",
            "destination_prefix_list_id": "",
            "egress_only_gateway_id": "",
            "gateway_id": "igw-080f4f3590322d432",
            "id": "r-rtb-0849cf1ef4a3213be1080289494",
            "instance_id": "",
            "instance_owner_id": "",
            "local_gateway_id": "",
            "nat_gateway_id": "",
            "network_interface_id": "",
            "origin": "CreateRoute",
            "route_table_id": "rtb-0849cf1ef4a3213be",
            "state": "active",
            "timeouts": null,
            "transit_gateway_id": "",
            "vpc_endpoint_id": "",
            "vpc_peering_connection_id": ""
          },
          "sensitive_attributes": [],
          "private": "eyJlMmJmYjczMC1lY2FhLTExZTYtOGY4OC0zNDM2M2JjN2M0YzAiOnsiY3JlYXRlIjozMDAwMDAwMDAwMDAsImRlbGV0ZSI6MzAwMDAwMDAwMDAwLCJ1cGRhdGUiOjEyMDAwMDAwMDAwMH19",
          "dependencies": [
            "aws_internet_gateway.main",
            "aws_route_table.main",
            "aws_vpc.main",
            "data.infisical_secrets.my-secrets"
          ]
        }
      ]
    },
    {
      "mode": "managed",
      "type": "aws_route_table",
      "name": "main",
      "provider": "provider[\"registry.terraform.io/hashicorp/aws\"]",
      "instances": [
        {
          "schema_version": 0,
          "attributes": {
            "arn": "arn:aws:ec2:us-east-1:312929131385:route-table/rtb-0849cf1ef4a3213be",
            "id": "rtb-0849cf1ef4a3213be",
            "owner_id": "312929131385",
            "propagating_vgws": [],
            "route": [
              {
                "carrier_gateway_id": "",
                "cidr_block": "0.0.0.0/0",
                "destination_prefix_list_id": "",
                "egress_only_gateway_id": "",
                "gateway_id": "igw-080f4f3590322d432",
                "instance_id": "",
                "ipv6_cidr_block": "",
                "local_gateway_id": "",
                "nat_gateway_id": "",
                "network_interface_id": "",
                "transit_gateway_id": "",
                "vpc_endpoint_id": "",
                "vpc_peering_connection_id": ""
              }
            ],
            "tags": null,
            "tags_all": {},
            "timeouts": null,
            "vpc_id": "vpc-0a3fef7bb8f219598"
          },
          "sensitive_attributes": [],
          "private": "eyJlMmJmYjczMC1lY2FhLTExZTYtOGY4OC0zNDM2M2JjN2M0YzAiOnsiY3JlYXRlIjozMDAwMDAwMDAwMDAsImRlbGV0ZSI6MzAwMDAwMDAwMDAwLCJ1cGRhdGUiOjEyMDAwMDAwMDAwMH19",
          "dependencies": [
            "aws_internet_gateway.main",
            "aws_vpc.main",
            "data.infisical_secrets.my-secrets"
          ]
        }
      ]
    },
    {
      "mode": "managed",
      "type": "aws_route_table_association",
      "name": "subnet_association",
      "provider": "provider[\"registry.terraform.io/hashicorp/aws\"]",
      "instances": [
        {
          "schema_version": 0,
          "attributes": {
            "gateway_id": "",
            "id": "rtbassoc-06646066191a46a19",
            "route_table_id": "rtb-0849cf1ef4a3213be",
            "subnet_id": "subnet-0246d46f114c596cd"
          },
          "sensitive_attributes": [],
          "private": "bnVsbA==",
          "dependencies": [
            "aws_internet_gateway.main",
            "aws_route_table.main",
            "aws_subnet.main",
            "aws_vpc.main",
            "data.infisical_secrets.my-secrets"
          ]
        }
      ]
    },
    {
      "mode": "managed",
      "type": "aws_s3_bucket",
      "name": "bootstrap_bucket",
      "provider": "provider[\"registry.terraform.io/hashicorp/aws\"]",
      "instances": [
        {
          "schema_version": 0,
          "attributes": {
            "acceleration_status": "",
            "acl": "private",
            "arn": "arn:aws:s3:::palo-alto-bootstrap-20240226194953906000000001",
            "bucket": "palo-alto-bootstrap-20240226194953906000000001",
            "bucket_domain_name": "palo-alto-bootstrap-20240226194953906000000001.s3.amazonaws.com",
            "bucket_prefix": "palo-alto-bootstrap-",
            "bucket_regional_domain_name": "palo-alto-bootstrap-20240226194953906000000001.s3.amazonaws.com",
            "cors_rule": [],
            "force_destroy": false,
            "grant": [],
            "hosted_zone_id": "Z3AQBSTGFYJSTF",
            "id": "palo-alto-bootstrap-20240226194953906000000001",
            "lifecycle_rule": [],
            "logging": [],
            "object_lock_configuration": [],
            "object_lock_enabled": false,
            "policy": null,
            "region": "us-east-1",
            "replication_configuration": [],
            "request_payer": "BucketOwner",
            "server_side_encryption_configuration": [
              {
                "rule": [
                  {
                    "apply_server_side_encryption_by_default": [
                      {
                        "kms_master_key_id": "",
                        "sse_algorithm": "AES256"
                      }
                    ],
                    "bucket_key_enabled": false
                  }
                ]
              }
            ],
            "tags": {
              "Name": "Palo Alto Bootstrap Bucket"
            },
            "tags_all": {
              "Name": "Palo Alto Bootstrap Bucket"
            },
            "versioning": [
              {
                "enabled": false,
                "mfa_delete": false
              }
            ],
            "website": [],
            "website_domain": null,
            "website_endpoint": null
          },
          "sensitive_attributes": [],
          "private": "bnVsbA==",
          "dependencies": [
            "data.infisical_secrets.my-secrets"
          ]
        }
      ]
    },
    {
      "mode": "managed",
      "type": "aws_s3_bucket_object",
      "name": "bootstrap_config",
      "provider": "provider[\"registry.terraform.io/hashicorp/aws\"]",
      "instances": [
        {
          "schema_version": 0,
          "attributes": {
            "acl": "private",
            "bucket": "palo-alto-bootstrap-20240226194953906000000001",
            "bucket_key_enabled": false,
            "cache_control": "",
            "content": null,
            "content_base64": null,
            "content_disposition": "",
            "content_encoding": "",
            "content_language": "",
            "content_type": "binary/octet-stream",
            "etag": "7bafdcf99db75ce9b3693b04c6c936b6",
            "force_destroy": false,
            "id": "config/init-cfg.txt",
            "key": "config/init-cfg.txt",
            "kms_key_id": null,
            "metadata": null,
            "object_lock_legal_hold_status": "",
            "object_lock_mode": "",
            "object_lock_retain_until_date": "",
            "server_side_encryption": "AES256",
            "source": "./palo_bootstrap/config/init-cfg.txt",
            "source_hash": null,
            "storage_class": "STANDARD",
            "tags": null,
            "tags_all": {},
            "version_id": "",
            "website_redirect": ""
          },
          "sensitive_attributes": [],
          "private": "bnVsbA==",
          "dependencies": [
            "aws_s3_bucket.bootstrap_bucket",
            "data.infisical_secrets.my-secrets"
          ]
        }
      ]
    },
    {
      "mode": "managed",
      "type": "aws_s3_bucket_object",
      "name": "bootstrap_file",
      "provider": "provider[\"registry.terraform.io/hashicorp/aws\"]",
      "instances": [
        {
          "index_key": "content/",
          "schema_version": 0,
          "attributes": {
            "acl": "private",
            "bucket": "palo-alto-bootstrap-20240226194953906000000001",
            "bucket_key_enabled": false,
            "cache_control": "",
            "content": "",
            "content_base64": null,
            "content_disposition": "",
            "content_encoding": "",
            "content_language": "",
            "content_type": "binary/octet-stream",
            "etag": "d41d8cd98f00b204e9800998ecf8427e",
            "force_destroy": false,
            "id": "content/",
            "key": "content/",
            "kms_key_id": null,
            "metadata": null,
            "object_lock_legal_hold_status": "",
            "object_lock_mode": "",
            "object_lock_retain_until_date": "",
            "server_side_encryption": "AES256",
            "source": null,
            "source_hash": null,
            "storage_class": "STANDARD",
            "tags": null,
            "tags_all": {},
            "version_id": "",
            "website_redirect": ""
          },
          "sensitive_attributes": [],
          "private": "bnVsbA==",
          "dependencies": [
            "aws_s3_bucket.bootstrap_bucket",
            "data.infisical_secrets.my-secrets"
          ]
        },
        {
          "index_key": "license/",
          "schema_version": 0,
          "attributes": {
            "acl": "private",
            "bucket": "palo-alto-bootstrap-20240226194953906000000001",
            "bucket_key_enabled": false,
            "cache_control": "",
            "content": "",
            "content_base64": null,
            "content_disposition": "",
            "content_encoding": "",
            "content_language": "",
            "content_type": "binary/octet-stream",
            "etag": "d41d8cd98f00b204e9800998ecf8427e",
            "force_destroy": false,
            "id": "license/",
            "key": "license/",
            "kms_key_id": null,
            "metadata": null,
            "object_lock_legal_hold_status": "",
            "object_lock_mode": "",
            "object_lock_retain_until_date": "",
            "server_side_encryption": "AES256",
            "source": null,
            "source_hash": null,
            "storage_class": "STANDARD",
            "tags": null,
            "tags_all": {},
            "version_id": "",
            "website_redirect": ""
          },
          "sensitive_attributes": [],
          "private": "bnVsbA==",
          "dependencies": [
            "aws_s3_bucket.bootstrap_bucket",
            "data.infisical_secrets.my-secrets"
          ]
        },
        {
          "index_key": "plugins/",
          "schema_version": 0,
          "attributes": {
            "acl": "private",
            "bucket": "palo-alto-bootstrap-20240226194953906000000001",
            "bucket_key_enabled": false,
            "cache_control": "",
            "content": "",
            "content_base64": null,
            "content_disposition": "",
            "content_encoding": "",
            "content_language": "",
            "content_type": "binary/octet-stream",
            "etag": "d41d8cd98f00b204e9800998ecf8427e",
            "force_destroy": false,
            "id": "plugins/",
            "key": "plugins/",
            "kms_key_id": null,
            "metadata": null,
            "object_lock_legal_hold_status": "",
            "object_lock_mode": "",
            "object_lock_retain_until_date": "",
            "server_side_encryption": "AES256",
            "source": null,
            "source_hash": null,
            "storage_class": "STANDARD",
            "tags": null,
            "tags_all": {},
            "version_id": "",
            "website_redirect": ""
          },
          "sensitive_attributes": [],
          "private": "bnVsbA==",
          "dependencies": [
            "aws_s3_bucket.bootstrap_bucket",
            "data.infisical_secrets.my-secrets"
          ]
        },
        {
          "index_key": "software/",
          "schema_version": 0,
          "attributes": {
            "acl": "private",
            "bucket": "palo-alto-bootstrap-20240226194953906000000001",
            "bucket_key_enabled": false,
            "cache_control": "",
            "content": "",
            "content_base64": null,
            "content_disposition": "",
            "content_encoding": "",
            "content_language": "",
            "content_type": "binary/octet-stream",
            "etag": "d41d8cd98f00b204e9800998ecf8427e",
            "force_destroy": false,
            "id": "software/",
            "key": "software/",
            "kms_key_id": null,
            "metadata": null,
            "object_lock_legal_hold_status": "",
            "object_lock_mode": "",
            "object_lock_retain_until_date": "",
            "server_side_encryption": "AES256",
            "source": null,
            "source_hash": null,
            "storage_class": "STANDARD",
            "tags": null,
            "tags_all": {},
            "version_id": "",
            "website_redirect": ""
          },
          "sensitive_attributes": [],
          "private": "bnVsbA==",
          "dependencies": [
            "aws_s3_bucket.bootstrap_bucket",
            "data.infisical_secrets.my-secrets"
          ]
        }
      ]
    },
    {
      "mode": "managed",
      "type": "aws_s3_bucket_versioning",
      "name": "bootstrap_bucket_versioning",
      "provider": "provider[\"registry.terraform.io/hashicorp/aws\"]",
      "instances": [
        {
          "schema_version": 0,
          "attributes": {
            "bucket": "palo-alto-bootstrap-20240226194953906000000001",
            "expected_bucket_owner": "",
            "id": "palo-alto-bootstrap-20240226194953906000000001",
            "mfa": null,
            "versioning_configuration": [
              {
                "mfa_delete": "",
                "status": "Disabled"
              }
            ]
          },
          "sensitive_attributes": [],
          "private": "bnVsbA==",
          "dependencies": [
            "aws_s3_bucket.bootstrap_bucket",
            "data.infisical_secrets.my-secrets"
          ]
        }
      ]
    },
    {
      "mode": "managed",
      "type": "aws_security_group",
      "name": "firewall",
      "provider": "provider[\"registry.terraform.io/hashicorp/aws\"]",
      "instances": [
        {
          "schema_version": 1,
          "attributes": {
            "arn": "arn:aws:ec2:us-east-1:312929131385:security-group/sg-0c0f6e8807e9b22d5",
            "description": "Security group for Palo Alto firewall",
            "egress": [
              {
                "cidr_blocks": [
                  "0.0.0.0/0"
                ],
                "description": "",
                "from_port": 0,
                "ipv6_cidr_blocks": [],
                "prefix_list_ids": [],
                "protocol": "-1",
                "security_groups": [],
                "self": false,
                "to_port": 0
              }
            ],
            "id": "sg-0c0f6e8807e9b22d5",
            "ingress": [
              {
                "cidr_blocks": [
                  "0.0.0.0/0"
                ],
                "description": "HTTPS",
                "from_port": 443,
                "ipv6_cidr_blocks": [],
                "prefix_list_ids": [],
                "protocol": "tcp",
                "security_groups": [],
                "self": false,
                "to_port": 443
              },
              {
                "cidr_blocks": [
                  "0.0.0.0/0"
                ],
                "description": "Ping",
                "from_port": -1,
                "ipv6_cidr_blocks": [],
                "prefix_list_ids": [],
                "protocol": "icmp",
                "security_groups": [],
                "self": false,
                "to_port": -1
              },
              {
                "cidr_blocks": [
                  "0.0.0.0/0"
                ],
                "description": "SSH",
                "from_port": 22,
                "ipv6_cidr_blocks": [],
                "prefix_list_ids": [],
                "protocol": "tcp",
                "security_groups": [],
                "self": false,
                "to_port": 22
              }
            ],
            "name": "palo_alto_firewall",
            "name_prefix": "",
            "owner_id": "312929131385",
            "revoke_rules_on_delete": false,
            "tags": null,
            "tags_all": {},
            "timeouts": null,
            "vpc_id": "vpc-0a3fef7bb8f219598"
          },
          "sensitive_attributes": [],
          "private": "eyJlMmJmYjczMC1lY2FhLTExZTYtOGY4OC0zNDM2M2JjN2M0YzAiOnsiY3JlYXRlIjo2MDAwMDAwMDAwMDAsImRlbGV0ZSI6OTAwMDAwMDAwMDAwfSwic2NoZW1hX3ZlcnNpb24iOiIxIn0=",
          "dependencies": [
            "aws_vpc.main",
            "data.infisical_secrets.my-secrets"
          ]
        }
      ]
    },
    {
      "mode": "managed",
      "type": "aws_subnet",
      "name": "main",
      "provider": "provider[\"registry.terraform.io/hashicorp/aws\"]",
      "instances": [
        {
          "schema_version": 1,
          "attributes": {
            "arn": "arn:aws:ec2:us-east-1:312929131385:subnet/subnet-0246d46f114c596cd",
            "assign_ipv6_address_on_creation": false,
            "availability_zone": "us-east-1a",
            "availability_zone_id": "use1-az6",
            "cidr_block": "10.0.1.0/24",
            "customer_owned_ipv4_pool": "",
            "enable_dns64": false,
            "enable_resource_name_dns_a_record_on_launch": false,
            "enable_resource_name_dns_aaaa_record_on_launch": false,
            "id": "subnet-0246d46f114c596cd",
            "ipv6_cidr_block": "",
            "ipv6_cidr_block_association_id": "",
            "ipv6_native": false,
            "map_customer_owned_ip_on_launch": false,
            "map_public_ip_on_launch": true,
            "outpost_arn": "",
            "owner_id": "312929131385",
            "private_dns_hostname_type_on_launch": "ip-name",
            "tags": null,
            "tags_all": {},
            "timeouts": null,
            "vpc_id": "vpc-0a3fef7bb8f219598"
          },
          "sensitive_attributes": [],
          "private": "eyJlMmJmYjczMC1lY2FhLTExZTYtOGY4OC0zNDM2M2JjN2M0YzAiOnsiY3JlYXRlIjo2MDAwMDAwMDAwMDAsImRlbGV0ZSI6MTIwMDAwMDAwMDAwMH0sInNjaGVtYV92ZXJzaW9uIjoiMSJ9",
          "dependencies": [
            "aws_vpc.main",
            "data.infisical_secrets.my-secrets"
          ]
        }
      ]
    },
    {
      "mode": "managed",
      "type": "aws_vpc",
      "name": "main",
      "provider": "provider[\"registry.terraform.io/hashicorp/aws\"]",
      "instances": [
        {
          "schema_version": 1,
          "attributes": {
            "arn": "arn:aws:ec2:us-east-1:312929131385:vpc/vpc-0a3fef7bb8f219598",
            "assign_generated_ipv6_cidr_block": false,
            "cidr_block": "10.0.0.0/16",
            "default_network_acl_id": "acl-0de8ea483ebbdcce5",
            "default_route_table_id": "rtb-0e14f7620b942e3f1",
            "default_security_group_id": "sg-046c0e049b1b38702",
            "dhcp_options_id": "dopt-0f321e7a08d2066cf",
            "enable_classiclink": false,
            "enable_classiclink_dns_support": false,
            "enable_dns_hostnames": false,
            "enable_dns_support": true,
            "id": "vpc-0a3fef7bb8f219598",
            "instance_tenancy": "default",
            "ipv4_ipam_pool_id": null,
            "ipv4_netmask_length": null,
            "ipv6_association_id": "",
            "ipv6_cidr_block": "",
            "ipv6_cidr_block_network_border_group": "",
            "ipv6_ipam_pool_id": "",
            "ipv6_netmask_length": 0,
            "main_route_table_id": "rtb-0e14f7620b942e3f1",
            "owner_id": "312929131385",
            "tags": null,
            "tags_all": {}
          },
          "sensitive_attributes": [],
          "private": "eyJzY2hlbWFfdmVyc2lvbiI6IjEifQ==",
          "dependencies": [
            "data.infisical_secrets.my-secrets"
          ]
        }
      ]
    },
    {
      "module": "module.palo_alto_firewall",
      "mode": "managed",
      "type": "aws_iam_instance_profile",
      "name": "palo_alto_profile",
      "provider": "provider[\"registry.terraform.io/hashicorp/aws\"]",
      "instances": [
        {
          "schema_version": 0,
          "attributes": {
            "arn": "arn:aws:iam::312929131385:instance-profile/terraform-20240226195001791000000002",
            "create_date": "2024-02-26T19:50:01Z",
            "id": "terraform-20240226195001791000000002",
            "name": "terraform-20240226195001791000000002",
            "name_prefix": null,
            "path": "/",
            "role": "palo_alto_s3_access",
            "tags": null,
            "tags_all": {},
            "unique_id": "AIPAURXAHTN4TR55OVFDD"
          },
          "sensitive_attributes": [],
          "private": "bnVsbA==",
          "dependencies": [
            "aws_security_group.firewall",
            "aws_vpc.main",
            "data.infisical_secrets.my-secrets",
            "module.palo_alto_firewall.aws_iam_role.palo_alto_s3_access"
          ]
        }
      ]
    },
    {
      "module": "module.palo_alto_firewall",
      "mode": "managed",
      "type": "aws_iam_policy",
      "name": "s3_read_policy",
      "provider": "provider[\"registry.terraform.io/hashicorp/aws\"]",
      "instances": [
        {
          "schema_version": 0,
          "attributes": {
            "arn": "arn:aws:iam::312929131385:policy/S3ReadPolicyForPaloAlto",
            "description": "",
            "id": "arn:aws:iam::312929131385:policy/S3ReadPolicyForPaloAlto",
            "name": "S3ReadPolicyForPaloAlto",
            "name_prefix": null,
            "path": "/",
            "policy": "{\"Statement\":[{\"Action\":[\"s3:ListBucket\"],\"Effect\":\"Allow\",\"Resource\":[\"arn:aws:s3:::palo-alto-bootstrap-20240226194953906000000001\"]},{\"Action\":[\"s3:GetObject\"],\"Effect\":\"Allow\",\"Resource\":[\"arn:aws:s3:::palo-alto-bootstrap-20240226194953906000000001/*\"]}],\"Version\":\"2012-10-17\"}",
            "policy_id": "ANPAURXAHTN44VNB5L6JF",
            "tags": null,
            "tags_all": {}
          },
          "sensitive_attributes": [],
          "private": "bnVsbA==",
          "dependencies": [
            "aws_s3_bucket.bootstrap_bucket",
            "aws_security_group.firewall",
            "aws_vpc.main",
            "data.infisical_secrets.my-secrets"
          ]
        }
      ]
    },
    {
      "module": "module.palo_alto_firewall",
      "mode": "managed",
      "type": "aws_iam_role",
      "name": "palo_alto_s3_access",
      "provider": "provider[\"registry.terraform.io/hashicorp/aws\"]",
      "instances": [
        {
          "schema_version": 0,
          "attributes": {
            "arn": "arn:aws:iam::312929131385:role/palo_alto_s3_access",
            "assume_role_policy": "{\"Version\":\"2012-10-17\",\"Statement\":[{\"Effect\":\"Allow\",\"Principal\":{\"Service\":\"ec2.amazonaws.com\"},\"Action\":\"sts:AssumeRole\"}]}",
            "create_date": "2024-02-26T19:49:58Z",
            "description": "",
            "force_detach_policies": false,
            "id": "palo_alto_s3_access",
            "inline_policy": [
              {
                "name": "",
                "policy": ""
              }
            ],
            "managed_policy_arns": [],
            "max_session_duration": 3600,
            "name": "palo_alto_s3_access",
            "name_prefix": "",
            "path": "/",
            "permissions_boundary": null,
            "tags": null,
            "tags_all": {},
            "unique_id": "AROAURXAHTN46UKZWBA2B"
          },
          "sensitive_attributes": [],
          "private": "bnVsbA==",
          "dependencies": [
            "aws_security_group.firewall",
            "aws_vpc.main",
            "data.infisical_secrets.my-secrets"
          ]
        }
      ]
    },
    {
      "module": "module.palo_alto_firewall",
      "mode": "managed",
      "type": "aws_iam_role_policy_attachment",
      "name": "s3_read_policy_attach",
      "provider": "provider[\"registry.terraform.io/hashicorp/aws\"]",
      "instances": [
        {
          "schema_version": 0,
          "attributes": {
            "id": "palo_alto_s3_access-20240226195002020200000003",
            "policy_arn": "arn:aws:iam::312929131385:policy/S3ReadPolicyForPaloAlto",
            "role": "palo_alto_s3_access"
          },
          "sensitive_attributes": [],
          "private": "bnVsbA==",
          "dependencies": [
            "aws_s3_bucket.bootstrap_bucket",
            "aws_security_group.firewall",
            "aws_vpc.main",
            "data.infisical_secrets.my-secrets",
            "module.palo_alto_firewall.aws_iam_policy.s3_read_policy",
            "module.palo_alto_firewall.aws_iam_role.palo_alto_s3_access"
          ]
        }
      ]
    },
    {
      "module": "module.palo_alto_firewall",
      "mode": "managed",
      "type": "aws_instance",
      "name": "palo_alto_firewall",
      "provider": "provider[\"registry.terraform.io/hashicorp/aws\"]",
      "instances": [
        {
          "schema_version": 1,
          "attributes": {
            "ami": "ami-03810899027cb545e",
            "arn": "arn:aws:ec2:us-east-1:312929131385:instance/i-0014ce8850eb8706d",
            "associate_public_ip_address": true,
            "availability_zone": "us-east-1a",
            "capacity_reservation_specification": [
              {
                "capacity_reservation_preference": "open",
                "capacity_reservation_target": []
              }
            ],
            "cpu_core_count": 2,
            "cpu_threads_per_core": 2,
            "credit_specification": [],
            "disable_api_termination": false,
            "ebs_block_device": [],
            "ebs_optimized": false,
            "enclave_options": [
              {
                "enabled": false
              }
            ],
            "ephemeral_block_device": [],
            "get_password_data": false,
            "hibernation": false,
            "host_id": null,
            "iam_instance_profile": "terraform-20240226195001791000000002",
            "id": "i-0014ce8850eb8706d",
            "instance_initiated_shutdown_behavior": "stop",
            "instance_state": "running",
            "instance_type": "c5n.xlarge",
            "ipv6_address_count": 0,
            "ipv6_addresses": [],
            "key_name": "deployer-key",
            "launch_template": [],
            "metadata_options": [
              {
                "http_endpoint": "enabled",
                "http_put_response_hop_limit": 1,
                "http_tokens": "optional",
                "instance_metadata_tags": "disabled"
              }
            ],
            "monitoring": false,
            "network_interface": [],
            "outpost_arn": "",
            "password_data": "",
            "placement_group": "",
            "placement_partition_number": null,
            "primary_network_interface_id": "eni-06597abbd57c5c17e",
            "private_dns": "ip-10-0-1-41.ec2.internal",
            "private_ip": "10.0.1.41",
            "public_dns": "",
            "public_ip": "3.80.249.139",
            "root_block_device": [
              {
                "delete_on_termination": false,
                "device_name": "/dev/xvda",
                "encrypted": false,
                "iops": 180,
                "kms_key_id": "",
                "tags": {},
                "throughput": 0,
                "volume_id": "vol-0e611552fa5786b83",
                "volume_size": 60,
                "volume_type": "gp2"
              }
            ],
            "secondary_private_ips": [],
            "security_groups": [],
            "source_dest_check": true,
            "subnet_id": "subnet-0246d46f114c596cd",
            "tags": {
              "Name": "PaloAltoFirewall"
            },
            "tags_all": {
              "Name": "PaloAltoFirewall"
            },
            "tenancy": "default",
            "timeouts": null,
            "user_data": "a0d911db72c83c40dfb0c0359e7f25fc7d9a5542",
            "user_data_base64": null,
            "volume_tags": null,
            "vpc_security_group_ids": [
              "sg-0c0f6e8807e9b22d5"
            ]
          },
          "sensitive_attributes": [],
          "private": "eyJlMmJmYjczMC1lY2FhLTExZTYtOGY4OC0zNDM2M2JjN2M0YzAiOnsiY3JlYXRlIjo2MDAwMDAwMDAwMDAsImRlbGV0ZSI6MTIwMDAwMDAwMDAwMCwidXBkYXRlIjo2MDAwMDAwMDAwMDB9LCJzY2hlbWFfdmVyc2lvbiI6IjEifQ==",
          "dependencies": [
            "aws_key_pair.deployer",
            "aws_s3_bucket.bootstrap_bucket",
            "aws_security_group.firewall",
            "aws_subnet.main",
            "aws_vpc.main",
            "data.infisical_secrets.my-secrets",
            "module.palo_alto_firewall.aws_iam_instance_profile.palo_alto_profile",
            "module.palo_alto_firewall.aws_iam_role.palo_alto_s3_access"
          ]
        }
      ]
    },
    {
      "module": "module.palo_alto_firewall",
      "mode": "managed",
      "type": "aws_network_interface",
      "name": "secondary",
      "provider": "provider[\"registry.terraform.io/hashicorp/aws\"]",
      "instances": [
        {
          "schema_version": 0,
          "attributes": {
            "arn": "arn:aws:ec2:us-east-1:312929131385:network-interface/eni-0522243721e6c2762",
            "attachment": [],
            "description": "Secondary network interface for Palo Alto Firewall",
            "id": "eni-0522243721e6c2762",
            "interface_type": "interface",
            "ipv4_prefix_count": 0,
            "ipv4_prefixes": [],
            "ipv6_address_count": 0,
            "ipv6_address_list": [],
            "ipv6_address_list_enabled": false,
            "ipv6_addresses": [],
            "ipv6_prefix_count": 0,
            "ipv6_prefixes": [],
            "mac_address": "0e:3d:e6:66:f9:5f",
            "outpost_arn": "",
            "owner_id": "312929131385",
            "private_dns_name": "",
            "private_ip": "10.0.1.103",
            "private_ip_list": [
              "10.0.1.103"
            ],
            "private_ip_list_enabled": false,
            "private_ips": [
              "10.0.1.103"
            ],
            "private_ips_count": 0,
            "security_groups": [
              "sg-0c0f6e8807e9b22d5"
            ],
            "source_dest_check": true,
            "subnet_id": "subnet-0246d46f114c596cd",
            "tags": null,
            "tags_all": {}
          },
          "sensitive_attributes": [],
          "private": "bnVsbA==",
          "dependencies": [
            "aws_security_group.firewall",
            "aws_subnet.main",
            "aws_vpc.main",
            "data.infisical_secrets.my-secrets"
          ]
        }
      ]
    },
    {
      "module": "module.palo_alto_firewall",
      "mode": "managed",
      "type": "aws_network_interface",
      "name": "third",
      "provider": "provider[\"registry.terraform.io/hashicorp/aws\"]",
      "instances": [
        {
          "schema_version": 0,
          "attributes": {
            "arn": "arn:aws:ec2:us-east-1:312929131385:network-interface/eni-07c810c038a695d59",
            "attachment": [],
            "description": "Third network interface for Palo Alto Firewall",
            "id": "eni-07c810c038a695d59",
            "interface_type": "interface",
            "ipv4_prefix_count": 0,
            "ipv4_prefixes": [],
            "ipv6_address_count": 0,
            "ipv6_address_list": [],
            "ipv6_address_list_enabled": false,
            "ipv6_addresses": [],
            "ipv6_prefix_count": 0,
            "ipv6_prefixes": [],
            "mac_address": "0e:83:b6:c3:3a:d5",
            "outpost_arn": "",
            "owner_id": "312929131385",
            "private_dns_name": "",
            "private_ip": "10.0.1.52",
            "private_ip_list": [
              "10.0.1.52"
            ],
            "private_ip_list_enabled": false,
            "private_ips": [
              "10.0.1.52"
            ],
            "private_ips_count": 0,
            "security_groups": [
              "sg-0c0f6e8807e9b22d5"
            ],
            "source_dest_check": true,
            "subnet_id": "subnet-0246d46f114c596cd",
            "tags": null,
            "tags_all": {}
          },
          "sensitive_attributes": [],
          "private": "bnVsbA==",
          "dependencies": [
            "aws_security_group.firewall",
            "aws_subnet.main",
            "aws_vpc.main",
            "data.infisical_secrets.my-secrets"
          ]
        }
      ]
    },
    {
      "module": "module.palo_alto_firewall",
      "mode": "managed",
      "type": "aws_network_interface_attachment",
      "name": "secondary_attachment",
      "provider": "provider[\"registry.terraform.io/hashicorp/aws\"]",
      "instances": [
        {
          "schema_version": 0,
          "attributes": {
            "attachment_id": "eni-attach-0be2da53e91774198",
            "device_index": 1,
            "id": "eni-attach-0be2da53e91774198",
            "instance_id": "i-0014ce8850eb8706d",
            "network_interface_id": "eni-0522243721e6c2762",
            "status": "attached"
          },
          "sensitive_attributes": [],
          "private": "bnVsbA==",
          "dependencies": [
            "aws_key_pair.deployer",
            "aws_s3_bucket.bootstrap_bucket",
            "aws_security_group.firewall",
            "aws_subnet.main",
            "aws_vpc.main",
            "data.infisical_secrets.my-secrets",
            "module.palo_alto_firewall.aws_iam_instance_profile.palo_alto_profile",
            "module.palo_alto_firewall.aws_iam_role.palo_alto_s3_access",
            "module.palo_alto_firewall.aws_instance.palo_alto_firewall",
            "module.palo_alto_firewall.aws_network_interface.secondary"
          ]
        }
      ]
    },
    {
      "module": "module.palo_alto_firewall",
      "mode": "managed",
      "type": "aws_network_interface_attachment",
      "name": "third_attachment",
      "provider": "provider[\"registry.terraform.io/hashicorp/aws\"]",
      "instances": [
        {
          "schema_version": 0,
          "attributes": {
            "attachment_id": "eni-attach-05e9f8833203a1d50",
            "device_index": 2,
            "id": "eni-attach-05e9f8833203a1d50",
            "instance_id": "i-0014ce8850eb8706d",
            "network_interface_id": "eni-07c810c038a695d59",
            "status": "attached"
          },
          "sensitive_attributes": [],
          "private": "bnVsbA==",
          "dependencies": [
            "aws_key_pair.deployer",
            "aws_s3_bucket.bootstrap_bucket",
            "aws_security_group.firewall",
            "aws_subnet.main",
            "aws_vpc.main",
            "data.infisical_secrets.my-secrets",
            "module.palo_alto_firewall.aws_iam_instance_profile.palo_alto_profile",
            "module.palo_alto_firewall.aws_iam_role.palo_alto_s3_access",
            "module.palo_alto_firewall.aws_instance.palo_alto_firewall",
            "module.palo_alto_firewall.aws_network_interface.third"
          ]
        }
      ]
    }
  ],
  "check_results": null
}
